# This file is autogenerated, do not edit; changes may be undone by the next 'dep ensure'.


[[projects]]
  digest = "1:94a3f73ea591491c6f30804064aab0ca425b6489155fc4d2665c7a1855155354"
  name = "github.com/fluffle/goirc"
  packages = [
    "client",
    "logging",
    "state",
  ]
  pruneopts = "UT"
  revision = "0dc1109b0d8c416a8f3d82783316a5359fc00d60"
  version = "v1.0.1"

[[projects]]
  digest = "1:be408f349cae090a7c17a279633d6e62b00068e64af66a582cae0983de8890ea"
  name = "github.com/golang/mock"
  packages = ["gomock"]
  pruneopts = "UT"
  revision = "937870445b8bddd7f05ea90e81c58ebe83681534"
  version = "v1.3.0"

[[projects]]
  branch = "master"
  digest = "1:3e0062766e6b0bcfe1ba1ed1d3f08a8e1e99cd5831426e2596dc9537d28f2adb"
  name = "golang.org/x/net"
  packages = [
    "internal/socks",
    "proxy",
  ]
  pruneopts = "UT"
  revision = "f4e77d36d62c17c2336347bb2670ddbd02d092b7"

[solve-meta]
  analyzer-name = "dep"
  analyzer-version = 1
  input-imports = ["github.com/fluffle/goirc/client"]
  solver-name = "gps-cdcl"
  solver-version = 1
